
Microsoft Visual Studio Solution File, Format Version 12.00
# Visual Studio Version 17
VisualStudioVersion = 17.6.33829.357
MinimumVisualStudioVersion = 10.0.40219.1
Project("{9A19103F-16F7-4668-BE54-9A1E7A4F7556}") = "EldudkaServer.API", "EldudkaServer.API\EldudkaServer.API.csproj", "{D9D62481-1F65-4E8F-82C5-7C498D4685BD}"
EndProject
Global
	GlobalSection(SolutionConfigurationPlatforms) = preSolution
		Debug|Any CPU = Debug|Any CPU
		Release|Any CPU = Release|Any CPU
	EndGlobalSection
	GlobalSection(ProjectConfigurationPlatforms) = postSolution
		{D9D62481-1F65-4E8F-82C5-7C498D4685BD}.Debug|Any CPU.ActiveCfg = Debug|Any CPU
		{D9D62481-1F65-4E8F-82C5-7C498D4685BD}.Debug|Any CPU.Build.0 = Debug|Any CPU
		{D9D62481-1F65-4E8F-82C5-7C498D4685BD}.Release|Any CPU.ActiveCfg = Release|Any CPU
		{D9D62481-1F65-4E8F-82C5-7C498D4685BD}.Release|Any CPU.Build.0 = Release|Any CPU
	EndGlobalSection
	GlobalSection(SolutionProperties) = preSolution
		HideSolutionNode = FALSE
	EndGlobalSection
	GlobalSection(ExtensibilityGlobals) = postSolution
		SolutionGuid = {ACEE31BE-6932-4A88-80E8-207F35B542B5}
	EndGlobalSection
EndGlobal
